{
  "requires": true,
  "lockfileVersion": 1,
  "dependencies": {
    "scroll": {
      "version": "3.0.1",
      "resolved": "https://registry.npmjs.org/scroll/-/scroll-3.0.1.tgz",
      "integrity": "sha512-pz7y517OVls1maEzlirKO5nPYle9AXsFzTMNJrRGmT951mzpIBy7sNHOg5o/0MQd/NqliCiWnAi0kZneMPFLcg=="
    },
    "vue-chat-scroll": {
      "version": "1.3.5",
      "resolved": "https://registry.npmjs.org/vue-chat-scroll/-/vue-chat-scroll-1.3.5.tgz",
      "integrity": "sha512-bOBIv3AQp9D+YkhUBwVG4vBblRTeAtqQqx3Agl8fHNNm33aHMWB74U1m45Ll+JI3B0xfyWw6htJ2o5qoiFX9ZQ=="
    }
  }
}
