{
  "requires": true,
  "lockfileVersion": 1,
  "dependencies": {
    "vue-parallaxy": {
      "version": "1.1.1",
      "resolved": "https://registry.npmjs.org/vue-parallaxy/-/vue-parallaxy-1.1.1.tgz",
      "integrity": "sha512-qZiVpfyRes6Z0Q0DJnsos1WlV7eY478Ek+/s/6CkX67OGCIV5M16X4stQ1AccaEdKvSk+iw8jmfpM/5c6PEFDQ=="
    },
    "vuetify": {
      "version": "1.5.14",
      "resolved": "https://registry.npmjs.org/vuetify/-/vuetify-1.5.14.tgz",
      "integrity": "sha512-7iM+TfghR/wu/Gl+k37lKr0N8Ddr6SxzqHtoK1dIyHgCH6SJRkpaXPw2MC5/FsAg9aUDJbYNWrzSeu5eHw+Q/w=="
    }
  } 
}
